// !$*UTF8*$!
{
	archiveVersion = 1;
	classes = {
	};
	objectVersion = 77;
	objects = {

/* Begin PBXContainerItemProxy section */
		F524F6132E05EA5700C1CB04 /* PBXContainerItemProxy */ = {
			isa = PBXContainerItemProxy;
			containerPortal = F524F5FD2E05EA5400C1CB04 /* Project object */;
			proxyType = 1;
			remoteGlobalIDString = F524F6042E05EA5400C1CB04;
			remoteInfo = Launchpad_Back;
		};
		F524F61D2E05EA5700C1CB04 /* PBXContainerItemProxy */ = {
			isa = PBXContainerItemProxy;
			containerPortal = F524F5FD2E05EA5400C1CB04 /* Project object */;
			proxyType = 1;
			remoteGlobalIDString = F524F6042E05EA5400C1CB04;
			remoteInfo = Launchpad_Back;
		};
/* End PBXContainerItemProxy section */

/* Begin PBXFileReference section */
		F524F6052E05EA5400C1CB04 /* Launchpad_Back.app */ = {isa = PBXFileReference; explicitFileType = wrapper.application; includeInIndex = 0; path = Launchpad_Back.app; sourceTree = BUILT_PRODUCTS_DIR; };
		F524F6122E05EA5700C1CB04 /* Launchpad_BackTests.xctest */ = {isa = PBXFileReference; explicitFileType = wrapper.cfbundle; includeInIndex = 0; path = Launchpad_BackTests.xctest; sourceTree = BUILT_PRODUCTS_DIR; };
		F524F61C2E05EA5700C1CB04 /* Launchpad_BackUITests.xctest */ = {isa = PBXFileReference; explicitFileType = wrapper.cfbundle; includeInIndex = 0; path = Launchpad_BackUITests.xctest; sourceTree = BUILT_PRODUCTS_DIR; };
/* End PBXFileReference section */

/* Begin PBXFileSystemSynchronizedRootGroup section */
		F524F6072E05EA5400C1CB04 /* Launchpad_Back */ = {
			isa = PBXFileSystemSynchronizedRootGroup;
			path = Launchpad_Back;
			sourceTree = "<group>";
		};
		F524F6152E05EA5700C1CB04 /* Launchpad_BackTests */ = {
			isa = PBXFileSystemSynchronizedRootGroup;
			path = Launchpad_BackTests;
			sourceTree = "<group>";
		};
		F524F61F2E05EA5700C1CB04 /* Launchpad_BackUITests */ = {
			isa = PBXFileSystemSynchronizedRootGroup;
			path = Launchpad_BackUITests;
			sourceTree = "<group>";
		};
/* End PBXFileSystemSynchronizedRootGroup section */

/* Begin PBXFrameworksBuildPhase section */
		F524F6022E05EA5400C1CB04 /* Frameworks */ = {
			isa = PBXFrameworksBuildPhase;
			buildActionMask = 2147483647;
			files = (
			);
			runOnlyForDeploymentPostprocessing = 0;
		};
		F524F60F2E05EA5700C1CB04 /* Frameworks */ = {
			isa = PBXFrameworksBuildPhase;
			buildActionMask = 2147483647;
			files = (
			);
			runOnlyForDeploymentPostprocessing = 0;
		};
		F524F6192E05EA5700C1CB04 /* Frameworks */ = {
			isa = PBXFrameworksBuildPhase;
			buildActionMask = 2147483647;
			files = (
			);
			runOnlyForDeploymentPostprocessing = 0;
		};
/* End PBXFrameworksBuildPhase section */

/* Begin PBXGroup section */
		F524F5FC2E05EA5400C1CB04 = {
			isa = PBXGroup;
			children = (
				F524F6072E05EA5400C1CB04 /* Launchpad_Back */,
				F524F6152E05EA5700C1CB04 /* Launchpad_BackTests */,
				F524F61F2E05EA5700C1CB04 /* Launchpad_BackUITests */,
				F524F6062E05EA5400C1CB04 /* Products */,
			);
			sourceTree = "<group>";
		};
		F524F6062E05EA5400C1CB04 /* Products */ = {
			isa = PBXGroup;
			children = (
				F524F6052E05EA5400C1CB04 /* Launchpad_Back.app */,
				F524F6122E05EA5700C1CB04 /* Launchpad_BackTests.xctest */,
				F524F61C2E05EA5700C1CB04 /* Launchpad_BackUITests.xctest */,
			);
			name = Products;
			sourceTree = "<group>";
		};
/* End PBXGroup section */

/* Begin PBXNativeTarget section */
		F524F6042E05EA5400C1CB04 /* Launchpad_Back */ = {
			isa = PBXNativeTarget;
			buildConfigurationList = F524F6262E05EA5700C1CB04 /* Build configuration list for PBXNativeTarget "Launchpad_Back" */;
			buildPhases = (
				F524F6012E05EA5400C1CB04 /* Sources */,
				F524F6022E05EA5400C1CB04 /* Frameworks */,
				F524F6032E05EA5400C1CB04 /* Resources */,
			);
			buildRules = (
			);
			dependencies = (
			);
			fileSystemSynchronizedGroups = (
				F524F6072E05EA5400C1CB04 /* Launchpad_Back */,
			);
			name = Launchpad_Back;
			packageProductDependencies = (
			);
			productName = Launchpad_Back;
			productReference = F524F6052E05EA5400C1CB04 /* Launchpad_Back.app */;
			productType = "com.apple.product-type.application";
		};
		F524F6112E05EA5700C1CB04 /* Launchpad_BackTests */ = {
			isa = PBXNativeTarget;
			buildConfigurationList = F524F6292E05EA5700C1CB04 /* Build configuration list for PBXNativeTarget "Launchpad_BackTests" */;
			buildPhases = (
				F524F60E2E05EA5700C1CB04 /* Sources */,
				F524F60F2E05EA5700C1CB04 /* Frameworks */,
				F524F6102E05EA5700C1CB04 /* Resources */,
			);
			buildRules = (
			);
			dependencies = (
				F524F6142E05EA5700C1CB04 /* PBXTargetDependency */,
			);
			fileSystemSynchronizedGroups = (
				F524F6152E05EA5700C1CB04 /* Launchpad_BackTests */,
			);
			name = Launchpad_BackTests;
			packageProductDependencies = (
			);
			productName = Launchpad_BackTests;
			productReference = F524F6122E05EA5700C1CB04 /* Launchpad_BackTests.xctest */;
			productType = "com.apple.product-type.bundle.unit-test";
		};
		F524F61B2E05EA5700C1CB04 /* Launchpad_BackUITests */ = {
			isa = PBXNativeTarget;
			buildConfigurationList = F524F62C2E05EA5700C1CB04 /* Build configuration list for PBXNativeTarget "Launchpad_BackUITests" */;
			buildPhases = (
				F524F6182E05EA5700C1CB04 /* Sources */,
				F524F6192E05EA5700C1CB04 /* Frameworks */,
				F524F61A2E05EA5700C1CB04 /* Resources */,
			);
			buildRules = (
			);
			dependencies = (
				F524F61E2E05EA5700C1CB04 /* PBXTargetDependency */,
			);
			fileSystemSynchronizedGroups = (
				F524F61F2E05EA5700C1CB04 /* Launchpad_BackUITests */,
			);
			name = Launchpad_BackUITests;
			packageProductDependencies = (
			);
			productName = Launchpad_BackUITests;
			productReference = F524F61C2E05EA5700C1CB04 /* Launchpad_BackUITests.xctest */;
			productType = "com.apple.product-type.bundle.ui-testing";
		};
/* End PBXNativeTarget section */

/* Begin PBXProject section */
		F524F5FD2E05EA5400C1CB04 /* Project object */ = {
			isa = PBXProject;
			attributes = {
				BuildIndependentTargetsInParallel = 1;
				LastSwiftUpdateCheck = 2600;
				LastUpgradeCheck = 2640;
				TargetAttributes = {
					F524F6042E05EA5400C1CB04 = {
						CreatedOnToolsVersion = 26.0;
					};
					F524F6112E05EA5700C1CB04 = {
						CreatedOnToolsVersion = 26.0;
						TestTargetID = F524F6042E05EA5400C1CB04;
					};
					F524F61B2E05EA5700C1CB04 = {
						CreatedOnToolsVersion = 26.0;
						TestTargetID = F524F6042E05EA5400C1CB04;
					};
				};
			};
			buildConfigurationList = F524F6002E05EA5400C1CB04 /* Build configuration list for PBXProject "Launchpad_Back" */;
			developmentRegion = en;
			hasScannedForEncodings = 0;
			knownRegions = (
				en,
				Base,
			);
			mainGroup = F524F5FC2E05EA5400C1CB04;
			minimizedProjectReferenceProxies = 1;
			preferredProjectObjectVersion = 77;
			productRefGroup = F524F6062E05EA5400C1CB04 /* Products */;
			projectDirPath = "";
			projectRoot = "";
			targets = (
				F524F6042E05EA5400C1CB04 /* Launchpad_Back */,
				F524F6112E05EA5700C1CB04 /* Launchpad_BackTests */,
				F524F61B2E05EA5700C1CB04 /* Launchpad_BackUITests */,
			);
		};
/* End PBXProject section */

/* Begin PBXResourcesBuildPhase section */
		F524F6032E05EA5400C1CB04 /* Resources */ = {
			isa = PBXResourcesBuildPhase;
			buildActionMask = 2147483647;
			files = (
			);
			runOnlyForDeploymentPostprocessing = 0;
		};
		F524F6102E05EA5700C1CB04 /* Resources */ = {
			isa = PBXResourcesBuildPhase;
			buildActionMask = 2147483647;
			files = (
			);
			runOnlyForDeploymentPostprocessing = 0;
		};
		F524F61A2E05EA5700C1CB04 /* Resources */ = {
			isa = PBXResourcesBuildPhase;
			buildActionMask = 2147483647;
			files = (
			);
			runOnlyForDeploymentPostprocessing = 0;
		};
/* End PBXResourcesBuildPhase section */

/* Begin PBXSourcesBuildPhase section */
		F524F6012E05EA5400C1CB04 /* Sources */ = {
			isa = PBXSourcesBuildPhase;
			buildActionMask = 2147483647;
			files = (
			);
			runOnlyForDeploymentPostprocessing = 0;
		};
		F524F60E2E05EA5700C1CB04 /* Sources */ = {
			isa = PBXSourcesBuildPhase;
			buildActionMask = 2147483647;
			files = (
			);
			runOnlyForDeploymentPostprocessing = 0;
		};
		F524F6182E05EA5700C1CB04 /* Sources */ = {
			isa = PBXSourcesBuildPhase;
			buildActionMask = 2147483647;
			files = (
			);
			runOnlyForDeploymentPostprocessing = 0;
		};
/* End PBXSourcesBuildPhase section */

/* Begin PBXTargetDependency section */
		F524F6142E05EA5700C1CB04 /* PBXTargetDependency */ = {
			isa = PBXTargetDependency;
			target = F524F6042E05EA5400C1CB04 /* Launchpad_Back */;
			targetProxy = F524F6132E05EA5700C1CB04 /* PBXContainerItemProxy */;
		};
		F524F61E2E05EA5700C1CB04 /* PBXTargetDependency */ = {
			isa = PBXTargetDependency;
			target = F524F6042E05EA5400C1CB04 /* Launchpad_Back */;
			targetProxy = F524F61D2E05EA5700C1CB04 /* PBXContainerItemProxy */;
		};
/* End PBXTargetDependency section */

/* Begin XCBuildConfiguration section */
		F524F6242E05EA5700C1CB04 /* Debug */ = {
			isa = XCBuildConfiguration;
			buildSettings = {
				ALWAYS_SEARCH_USER_PATHS = NO;
				ASSETCATALOG_COMPILER_GENERATE_SWIFT_ASSET_SYMBOL_EXTENSIONS = YES;
				CLANG_ANALYZER_NONNULL = YES;
				CLANG_ANALYZER_NUMBER_OBJECT_CONVERSION = YES_AGGRESSIVE;
				CLANG_CXX_LANGUAGE_STANDARD = "gnu++20";
				CLANG_ENABLE_MODULES = YES;
				CLANG_ENABLE_OBJC_ARC = YES;
				CLANG_ENABLE_OBJC_WEAK = YES;
				CLANG_WARN_BLOCK_CAPTURE_AUTORELEASING = YES;
				CLANG_WARN_BOOL_CONVERSION = YES;
				CLANG_WARN_COMMA = YES;
				CLANG_WARN_CONSTANT_CONVERSION = YES;
				CLANG_WARN_DEPRECATED_OBJC_IMPLEMENTATIONS = YES;
				CLANG_WARN_DIRECT_OBJC_ISA_USAGE = YES_ERROR;
				CLANG_WARN_DOCUMENTATION_COMMENTS = YES;
				CLANG_WARN_EMPTY_BODY = YES;
				CLANG_WARN_ENUM_CONVERSION = YES;
				CLANG_WARN_INFINITE_RECURSION = YES;
				CLANG_WARN_INT_CONVERSION = YES;
				CLANG_WARN_NON_LITERAL_NULL_CONVERSION = YES;
				CLANG_WARN_OBJC_IMPLICIT_RETAIN_SELF = YES;
				CLANG_WARN_OBJC_LITERAL_CONVERSION = YES;
				CLANG_WARN_OBJC_ROOT_CLASS = YES_ERROR;
				CLANG_WARN_QUOTED_INCLUDE_IN_FRAMEWORK_HEADER = YES;
				CLANG_WARN_RANGE_LOOP_ANALYSIS = YES;
				CLANG_WARN_STRICT_PROTOTYPES = YES;
				CLANG_WARN_SUSPICIOUS_MOVE = YES;
				CLANG_WARN_UNGUARDED_AVAILABILITY = YES_AGGRESSIVE;
				CLANG_WARN_UNREACHABLE_CODE = YES;
				CLANG_WARN__DUPLICATE_METHOD_MATCH = YES;
				COPY_PHASE_STRIP = NO;
				DEAD_CODE_STRIPPING = YES;
				DEBUG_INFORMATION_FORMAT = dwarf;
				ENABLE_STRICT_OBJC_MSGSEND = YES;
				ENABLE_TESTABILITY = YES;
				ENABLE_USER_SCRIPT_SANDBOXING = YES;
				GCC_C_LANGUAGE_STANDARD = gnu17;
				GCC_DYNAMIC_NO_PIC = NO;
				GCC_NO_COMMON_BLOCKS = YES;
				GCC_OPTIMIZATION_LEVEL = 0;
				GCC_PREPROCESSOR_DEFINITIONS = (
					"DEBUG=1",
					"$(inherited)",
				);
				GCC_WARN_64_TO_32_BIT_CONVERSION = YES;
				GCC_WARN_ABOUT_RETURN_TYPE = YES_ERROR;
				GCC_WARN_UNDECLARED_SELECTOR = YES;
				GCC_WARN_UNINITIALIZED_AUTOS = YES_AGGRESSIVE;
				GCC_WARN_UNUSED_FUNCTION = YES;
				GCC_WARN_UNUSED_VARIABLE = YES;
				LOCALIZATION_PREFERS_STRING_CATALOGS = YES;
				MACOSX_DEPLOYMENT_TARGET = 15.6;
				MTL_ENABLE_DEBUG_INFO = INCLUDE_SOURCE;
				MTL_FAST_MATH = YES;
				ONLY_ACTIVE_ARCH = YES;
				SDKROOT = macosx;
				STRING_CATALOG_GENERATE_SYMBOLS = YES;
				SWIFT_ACTIVE_COMPILATION_CONDITIONS = "DEBUG $(inherited)";
				SWIFT_OPTIMIZATION_LEVEL = "-Onone";
			};
			name = Debug;
		};
		F524F6252E05EA5700C1CB04 /* Release */ = {
			isa = XCBuildConfiguration;
			buildSettings = {
				ALWAYS_SEARCH_USER_PATHS = NO;
				ASSETCATALOG_COMPILER_GENERATE_SWIFT_ASSET_SYMBOL_EXTENSIONS = YES;
				CLANG_ANALYZER_NONNULL = YES;
				CLANG_ANALYZER_NUMBER_OBJECT_CONVERSION = YES_AGGRESSIVE;
				CLANG_CXX_LANGUAGE_STANDARD = "gnu++20";
				CLANG_ENABLE_MODULES = YES;
				CLANG_ENABLE_OBJC_ARC = YES;
				CLANG_ENABLE_OBJC_WEAK = YES;
				CLANG_WARN_BLOCK_CAPTURE_AUTORELEASING = YES;
				CLANG_WARN_BOOL_CONVERSION = YES;
				CLANG_WARN_COMMA = YES;
				CLANG_WARN_CONSTANT_CONVERSION = YES;
				CLANG_WARN_DEPRECATED_OBJC_IMPLEMENTATIONS = YES;
				CLANG_WARN_DIRECT_OBJC_ISA_USAGE = YES_ERROR;
				CLANG_WARN_DOCUMENTATION_COMMENTS = YES;
				CLANG_WARN_EMPTY_BODY = YES;
				CLANG_WARN_ENUM_CONVERSION = YES;
				CLANG_WARN_INFINITE_RECURSION = YES;
				CLANG_WARN_INT_CONVERSION = YES;
				CLANG_WARN_NON_LITERAL_NULL_CONVERSION = YES;
				CLANG_WARN_OBJC_IMPLICIT_RETAIN_SELF = YES;
				CLANG_WARN_OBJC_LITERAL_CONVERSION = YES;
				CLANG_WARN_OBJC_ROOT_CLASS = YES_ERROR;
				CLANG_WARN_QUOTED_INCLUDE_IN_FRAMEWORK_HEADER = YES;
				CLANG_WARN_RANGE_LOOP_ANALYSIS = YES;
				CLANG_WARN_STRICT_PROTOTYPES = YES;
				CLANG_WARN_SUSPICIOUS_MOVE = YES;
				CLANG_WARN_UNGUARDED_AVAILABILITY = YES_AGGRESSIVE;
				CLANG_WARN_UNREACHABLE_CODE = YES;
				CLANG_WARN__DUPLICATE_METHOD_MATCH = YES;
				COPY_PHASE_STRIP = NO;
				DEAD_CODE_STRIPPING = YES;
				DEBUG_INFORMATION_FORMAT = "dwarf-with-dsym";
				ENABLE_NS_ASSERTIONS = NO;
				ENABLE_STRICT_OBJC_MSGSEND = YES;
				ENABLE_USER_SCRIPT_SANDBOXING = YES;
				GCC_C_LANGUAGE_STANDARD = gnu17;
				GCC_NO_COMMON_BLOCKS = YES;
				GCC_WARN_64_TO_32_BIT_CONVERSION = YES;
				GCC_WARN_ABOUT_RETURN_TYPE = YES_ERROR;
				GCC_WARN_UNDECLARED_SELECTOR = YES;
				GCC_WARN_UNINITIALIZED_AUTOS = YES_AGGRESSIVE;
				GCC_WARN_UNUSED_FUNCTION = YES;
				GCC_WARN_UNUSED_VARIABLE = YES;
				LOCALIZATION_PREFERS_STRING_CATALOGS = YES;
				MACOSX_DEPLOYMENT_TARGET = 15.6;
				MTL_ENABLE_DEBUG_INFO = NO;
				MTL_FAST_MATH = YES;
				SDKROOT = macosx;
				STRING_CATALOG_GENERATE_SYMBOLS = YES;
				SWIFT_COMPILATION_MODE = wholemodule;
			};
			name = Release;
		};
		F524F6272E05EA5700C1CB04 /* Debug */ = {
			isa = XCBuildConfiguration;
			buildSettings = {
				ASSETCATALOG_COMPILER_APPICON_NAME = AppIcon;
				ASSETCATALOG_COMPILER_GLOBAL_ACCENT_COLOR_NAME = AccentColor;
				ASSETCATALOG_COMPILER_INCLUDE_ALL_APPICON_ASSETS = YES;
				CODE_SIGN_IDENTITY = "LaunchHistory Dev Signing";
				CODE_SIGN_STYLE = Manual;
				COMBINE_HIDPI_IMAGES = YES;
				CURRENT_PROJECT_VERSION = 1;
				DEAD_CODE_STRIPPING = YES;
				ENABLE_APP_SANDBOX = NO;
				ENABLE_HARDENED_RUNTIME = YES;
				ENABLE_PREVIEWS = YES;
				ENABLE_USER_SELECTED_FILES = readonly;
				GENERATE_INFOPLIST_FILE = YES;
				INFOPLIST_KEY_LSApplicationCategoryType = "public.app-category.utilities";
				INFOPLIST_KEY_NSHumanReadableCopyright = "";
				LD_RUNPATH_SEARCH_PATHS = (
					"$(inherited)",
					"@executable_path/../Frameworks",
				);
				MACOSX_DEPLOYMENT_TARGET = 15.6;
				MARKETING_VERSION = 0.8.0;
				PRODUCT_BUNDLE_IDENTIFIER = "com.Eric-Yang.Launchpad-Back";
				PRODUCT_NAME = "LaunchHistory";
				INFOPLIST_KEY_CFBundleDisplayName = "LaunchHistory";
				INFOPLIST_KEY_CFBundleName = "LaunchHistory";
				REGISTER_APP_GROUPS = YES;
				STRING_CATALOG_GENERATE_SYMBOLS = YES;
				SWIFT_DEFAULT_ACTOR_ISOLATION = MainActor;
				SWIFT_EMIT_LOC_STRINGS = YES;
				SWIFT_UPCOMING_FEATURE_MEMBER_IMPORT_VISIBILITY = YES;
				SWIFT_VERSION = 5.0;
			};
			name = Debug;
		};
		F524F6282E05EA5700C1CB04 /* Release */ = {
			isa = XCBuildConfiguration;
			buildSettings = {
				ASSETCATALOG_COMPILER_APPICON_NAME = AppIcon;
				ASSETCATALOG_COMPILER_GLOBAL_ACCENT_COLOR_NAME = AccentColor;
				ASSETCATALOG_COMPILER_INCLUDE_ALL_APPICON_ASSETS = YES;
				CODE_SIGN_IDENTITY = "LaunchHistory Dev Signing";
				CODE_SIGN_STYLE = Manual;
				COMBINE_HIDPI_IMAGES = YES;
				CURRENT_PROJECT_VERSION = 1;
				DEAD_CODE_STRIPPING = YES;
				ENABLE_APP_SANDBOX = NO;
				ENABLE_HARDENED_RUNTIME = YES;
				ENABLE_PREVIEWS = YES;
				ENABLE_USER_SELECTED_FILES = readonly;
				GENERATE_INFOPLIST_FILE = YES;
				INFOPLIST_KEY_LSApplicationCategoryType = "public.app-category.utilities";
				INFOPLIST_KEY_NSHumanReadableCopyright = "";
				LD_RUNPATH_SEARCH_PATHS = (
					"$(inherited)",
					"@executable_path/../Frameworks",
				);
				MACOSX_DEPLOYMENT_TARGET = 15.6;
				MARKETING_VERSION = 0.8.0;
				PRODUCT_BUNDLE_IDENTIFIER = "com.Eric-Yang.Launchpad-Back";
				PRODUCT_NAME = "LaunchHistory";
				INFOPLIST_KEY_CFBundleDisplayName = "LaunchHistory";
				INFOPLIST_KEY_CFBundleName = "LaunchHistory";
				REGISTER_APP_GROUPS = YES;
				STRING_CATALOG_GENERATE_SYMBOLS = YES;
				SWIFT_DEFAULT_ACTOR_ISOLATION = MainActor;
				SWIFT_EMIT_LOC_STRINGS = YES;
				SWIFT_UPCOMING_FEATURE_MEMBER_IMPORT_VISIBILITY = YES;
				SWIFT_VERSION = 5.0;
			};
			name = Release;
		};
		F524F62A2E05EA5700C1CB04 /* Debug */ = {
			isa = XCBuildConfiguration;
			buildSettings = {
				BUNDLE_LOADER = "$(TEST_HOST)";
				CODE_SIGN_IDENTITY = "LaunchHistory Dev Signing";
				CODE_SIGN_STYLE = Manual;
				CURRENT_PROJECT_VERSION = 1;
				DEAD_CODE_STRIPPING = YES;
				GENERATE_INFOPLIST_FILE = YES;
				MACOSX_DEPLOYMENT_TARGET = 15.6;
				MARKETING_VERSION = 1.0;
				PRODUCT_BUNDLE_IDENTIFIER = "com.Eric-Yang.Launchpad-BackTests";
				PRODUCT_NAME = "$(TARGET_NAME)";
				STRING_CATALOG_GENERATE_SYMBOLS = NO;
				SWIFT_EMIT_LOC_STRINGS = NO;
				SWIFT_UPCOMING_FEATURE_MEMBER_IMPORT_VISIBILITY = YES;
				SWIFT_VERSION = 5.0;
				TEST_HOST = "$(BUILT_PRODUCTS_DIR)/Launchpad_Back.app/$(BUNDLE_EXECUTABLE_FOLDER_PATH)/Launchpad_Back";
			};
			name = Debug;
		};
		F524F62B2E05EA5700C1CB04 /* Release */ = {
			isa = XCBuildConfiguration;
			buildSettings = {
				BUNDLE_LOADER = "$(TEST_HOST)";
				CODE_SIGN_IDENTITY = "LaunchHistory Dev Signing";
				CODE_SIGN_STYLE = Manual;
				CURRENT_PROJECT_VERSION = 1;
				DEAD_CODE_STRIPPING = YES;
				GENERATE_INFOPLIST_FILE = YES;
				MACOSX_DEPLOYMENT_TARGET = 15.6;
				MARKETING_VERSION = 1.0;
				PRODUCT_BUNDLE_IDENTIFIER = "com.Eric-Yang.Launchpad-BackTests";
				PRODUCT_NAME = "$(TARGET_NAME)";
				STRING_CATALOG_GENERATE_SYMBOLS = NO;
				SWIFT_EMIT_LOC_STRINGS = NO;
				SWIFT_UPCOMING_FEATURE_MEMBER_IMPORT_VISIBILITY = YES;
				SWIFT_VERSION = 5.0;
				TEST_HOST = "$(BUILT_PRODUCTS_DIR)/Launchpad_Back.app/$(BUNDLE_EXECUTABLE_FOLDER_PATH)/Launchpad_Back";
			};
			name = Release;
		};
		F524F62D2E05EA5700C1CB04 /* Debug */ = {
			isa = XCBuildConfiguration;
			buildSettings = {
				CODE_SIGN_IDENTITY = "LaunchHistory Dev Signing";
				CODE_SIGN_STYLE = Manual;
				CURRENT_PROJECT_VERSION = 1;
				DEAD_CODE_STRIPPING = YES;
				GENERATE_INFOPLIST_FILE = YES;
				MACOSX_DEPLOYMENT_TARGET = 15.6;
				MARKETING_VERSION = 1.0;
				PRODUCT_BUNDLE_IDENTIFIER = "com.Eric-Yang.Launchpad-BackUITests";
				PRODUCT_NAME = "$(TARGET_NAME)";
				STRING_CATALOG_GENERATE_SYMBOLS = NO;
				SWIFT_EMIT_LOC_STRINGS = NO;
				SWIFT_UPCOMING_FEATURE_MEMBER_IMPORT_VISIBILITY = YES;
				SWIFT_VERSION = 5.0;
				TEST_TARGET_NAME = Launchpad_Back;
			};
			name = Debug;
		};
		F524F62E2E05EA5700C1CB04 /* Release */ = {
			isa = XCBuildConfiguration;
			buildSettings = {
				CODE_SIGN_IDENTITY = "LaunchHistory Dev Signing";
				CODE_SIGN_STYLE = Manual;
				CURRENT_PROJECT_VERSION = 1;
				DEAD_CODE_STRIPPING = YES;
				GENERATE_INFOPLIST_FILE = YES;
				MACOSX_DEPLOYMENT_TARGET = 15.6;
				MARKETING_VERSION = 1.0;
				PRODUCT_BUNDLE_IDENTIFIER = "com.Eric-Yang.Launchpad-BackUITests";
				PRODUCT_NAME = "$(TARGET_NAME)";
				STRING_CATALOG_GENERATE_SYMBOLS = NO;
				SWIFT_EMIT_LOC_STRINGS = NO;
				SWIFT_UPCOMING_FEATURE_MEMBER_IMPORT_VISIBILITY = YES;
				SWIFT_VERSION = 5.0;
				TEST_TARGET_NAME = Launchpad_Back;
			};
			name = Release;
		};
/* End XCBuildConfiguration section */

/* Begin XCConfigurationList section */
		F524F6002E05EA5400C1CB04 /* Build configuration list for PBXProject "Launchpad_Back" */ = {
			isa = XCConfigurationList;
			buildConfigurations = (
				F524F6242E05EA5700C1CB04 /* Debug */,
				F524F6252E05EA5700C1CB04 /* Release */,
			);
			defaultConfigurationIsVisible = 0;
			defaultConfigurationName = Release;
		};
		F524F6262E05EA5700C1CB04 /* Build configuration list for PBXNativeTarget "Launchpad_Back" */ = {
			isa = XCConfigurationList;
			buildConfigurations = (
				F524F6272E05EA5700C1CB04 /* Debug */,
				F524F6282E05EA5700C1CB04 /* Release */,
			);
			defaultConfigurationIsVisible = 0;
			defaultConfigurationName = Release;
		};
		F524F6292E05EA5700C1CB04 /* Build configuration list for PBXNativeTarget "Launchpad_BackTests" */ = {
			isa = XCConfigurationList;
			buildConfigurations = (
				F524F62A2E05EA5700C1CB04 /* Debug */,
				F524F62B2E05EA5700C1CB04 /* Release */,
			);
			defaultConfigurationIsVisible = 0;
			defaultConfigurationName = Release;
		};
		F524F62C2E05EA5700C1CB04 /* Build configuration list for PBXNativeTarget "Launchpad_BackUITests" */ = {
			isa = XCConfigurationList;
			buildConfigurations = (
				F524F62D2E05EA5700C1CB04 /* Debug */,
				F524F62E2E05EA5700C1CB04 /* Release */,
			);
			defaultConfigurationIsVisible = 0;
			defaultConfigurationName = Release;
		};
/* End XCConfigurationList section */
	};
	rootObject = F524F5FD2E05EA5400C1CB04 /* Project object */;
}
